// !$*UTF8*$!
{
	archiveVersion = 1;
	classes = {
	};
	objectVersion = 46;
	objects = {

/* Begin PBXBuildFile section */
		1A51B7621F172FA0002FA2A4 /* main.m in Sources */ = {isa = PBXBuildFile; fileRef = 1A51B7611F172FA0002FA2A4 /* main.m */; };
		1A51B7651F172FA0002FA2A4 /* AppDelegate.m in Sources */ = {isa = PBXBuildFile; fileRef = 1A51B7641F172FA0002FA2A4 /* AppDelegate.m */; };
		1A51B7681F172FA0002FA2A4 /* ViewController.m in Sources */ = {isa = PBXBuildFile; fileRef = 1A51B7671F172FA0002FA2A4 /* ViewController.m */; };
		1A51B76B1F172FA0002FA2A4 /* Main.storyboard in Resources */ = {isa = PBXBuildFile; fileRef = 1A51B7691F172FA0002FA2A4 /* Main.storyboard */; };
		1A51B76D1F172FA0002FA2A4 /* Assets.xcassets in Resources */ = {isa = PBXBuildFile; fileRef = 1A51B76C1F172FA0002FA2A4 /* Assets.xcassets */; };
		1A51B7701F172FA0002FA2A4 /* LaunchScreen.storyboard in Resources */ = {isa = PBXBuildFile; fileRef = 1A51B76E1F172FA0002FA2A4 /* LaunchScreen.storyboard */; };
		1A51B77B1F172FA0002FA2A4 /* _5_____Tests.m in Sources */ = {isa = PBXBuildFile; fileRef = 1A51B77A1F172FA0002FA2A4 /* _5_____Tests.m */; };
		1A51B7861F172FA0002FA2A4 /* _5_____UITests.m in Sources */ = {isa = PBXBuildFile; fileRef = 1A51B7851F172FA0002FA2A4 /* _5_____UITests.m */; };
		1A51B7991F173031002FA2A4 /* ZYFactoryAdd.m in Sources */ = {isa = PBXBuildFile; fileRef = 1A51B7981F173031002FA2A4 /* ZYFactoryAdd.m */; };
		1A51B79C1F17303C002FA2A4 /* ZYFactoryMinus.m in Sources */ = {isa = PBXBuildFile; fileRef = 1A51B79B1F17303C002FA2A4 /* ZYFactoryMinus.m */; };
		1A51B79F1F17305F002FA2A4 /* ZYFactoryMultiply.m in Sources */ = {isa = PBXBuildFile; fileRef = 1A51B79E1F17305F002FA2A4 /* ZYFactoryMultiply.m */; };
		1A51B7A21F173070002FA2A4 /* ZYFactoryDivide.m in Sources */ = {isa = PBXBuildFile; fileRef = 1A51B7A11F173070002FA2A4 /* ZYFactoryDivide.m */; };
		1A51B7A81F1730A9002FA2A4 /* ZYCalculateAdd.m in Sources */ = {isa = PBXBuildFile; fileRef = 1A51B7A71F1730A9002FA2A4 /* ZYCalculateAdd.m */; };
		1A51B7AB1F1730BE002FA2A4 /* ZYCalculateMinus.m in Sources */ = {isa = PBXBuildFile; fileRef = 1A51B7AA1F1730BE002FA2A4 /* ZYCalculateMinus.m */; };
		1A51B7AE1F1730D3002FA2A4 /* ZYCalculateMultiply.m in Sources */ = {isa = PBXBuildFile; fileRef = 1A51B7AD1F1730D3002FA2A4 /* ZYCalculateMultiply.m */; };
		1A51B7B11F1730E4002FA2A4 /* ZYCalculateDivide.m in Sources */ = {isa = PBXBuildFile; fileRef = 1A51B7B01F1730E4002FA2A4 /* ZYCalculateDivide.m */; };
/* End PBXBuildFile section */

/* Begin PBXContainerItemProxy section */
		1A51B7771F172FA0002FA2A4 /* PBXContainerItemProxy */ = {
			isa = PBXContainerItemProxy;
			containerPortal = 1A51B7551F172FA0002FA2A4 /* Project object */;
			proxyType = 1;
			remoteGlobalIDString = 1A51B75C1F172FA0002FA2A4;
			remoteInfo = "05-工厂模式";
		};
		1A51B7821F172FA0002FA2A4 /* PBXContainerItemProxy */ = {
			isa = PBXContainerItemProxy;
			containerPortal = 1A51B7551F172FA0002FA2A4 /* Project object */;
			proxyType = 1;
			remoteGlobalIDString = 1A51B75C1F172FA0002FA2A4;
			remoteInfo = "05-工厂模式";
		};
/* End PBXContainerItemProxy section */

/* Begin PBXFileReference section */
		1A51B75D1F172FA0002FA2A4 /* 05-工厂模式.app */ = {isa = PBXFileReference; explicitFileType = wrapper.application; includeInIndex = 0; path = "05-工厂模式.app"; sourceTree = BUILT_PRODUCTS_DIR; };
		1A51B7611F172FA0002FA2A4 /* main.m */ = {isa = PBXFileReference; lastKnownFileType = sourcecode.c.objc; path = main.m; sourceTree = "<group>"; };
		1A51B7631F172FA0002FA2A4 /* AppDelegate.h */ = {isa = PBXFileReference; lastKnownFileType = sourcecode.c.h; path = AppDelegate.h; sourceTree = "<group>"; };
		1A51B7641F172FA0002FA2A4 /* AppDelegate.m */ = {isa = PBXFileReference; lastKnownFileType = sourcecode.c.objc; path = AppDelegate.m; sourceTree = "<group>"; };
		1A51B7661F172FA0002FA2A4 /* ViewController.h */ = {isa = PBXFileReference; lastKnownFileType = sourcecode.c.h; path = ViewController.h; sourceTree = "<group>"; };
		1A51B7671F172FA0002FA2A4 /* ViewController.m */ = {isa = PBXFileReference; lastKnownFileType = sourcecode.c.objc; path = ViewController.m; sourceTree = "<group>"; };
		1A51B76A1F172FA0002FA2A4 /* Base */ = {isa = PBXFileReference; lastKnownFileType = file.storyboard; name = Base; path = Base.lproj/Main.storyboard; sourceTree = "<group>"; };
		1A51B76C1F172FA0002FA2A4 /* Assets.xcassets */ = {isa = PBXFileReference; lastKnownFileType = folder.assetcatalog; path = Assets.xcassets; sourceTree = "<group>"; };
		1A51B76F1F172FA0002FA2A4 /* Base */ = {isa = PBXFileReference; lastKnownFileType = file.storyboard; name = Base; path = Base.lproj/LaunchScreen.storyboard; sourceTree = "<group>"; };
		1A51B7711F172FA0002FA2A4 /* Info.plist */ = {isa = PBXFileReference; lastKnownFileType = text.plist.xml; path = Info.plist; sourceTree = "<group>"; };
		1A51B7761F172FA0002FA2A4 /* 05-工厂模式Tests.xctest */ = {isa = PBXFileReference; explicitFileType = wrapper.cfbundle; includeInIndex = 0; path = "05-工厂模式Tests.xctest"; sourceTree = BUILT_PRODUCTS_DIR; };
		1A51B77A1F172FA0002FA2A4 /* _5_____Tests.m */ = {isa = PBXFileReference; lastKnownFileType = sourcecode.c.objc; path = "_5_____Tests.m"; sourceTree = "<group>"; };
		1A51B77C1F172FA0002FA2A4 /* Info.plist */ = {isa = PBXFileReference; lastKnownFileType = text.plist.xml; path = Info.plist; sourceTree = "<group>"; };
		1A51B7811F172FA0002FA2A4 /* 05-工厂模式UITests.xctest */ = {isa = PBXFileReference; explicitFileType = wrapper.cfbundle; includeInIndex = 0; path = "05-工厂模式UITests.xctest"; sourceTree = BUILT_PRODUCTS_DIR; };
		1A51B7851F172FA0002FA2A4 /* _5_____UITests.m */ = {isa = PBXFileReference; lastKnownFileType = sourcecode.c.objc; path = "_5_____UITests.m"; sourceTree = "<group>"; };
		1A51B7871F172FA0002FA2A4 /* Info.plist */ = {isa = PBXFileReference; lastKnownFileType = text.plist.xml; path = Info.plist; sourceTree = "<group>"; };
		1A51B7941F172FFF002FA2A4 /* ZYFactory.h */ = {isa = PBXFileReference; fileEncoding = 4; lastKnownFileType = sourcecode.c.h; path = ZYFactory.h; sourceTree = "<group>"; };
		1A51B7971F173031002FA2A4 /* ZYFactoryAdd.h */ = {isa = PBXFileReference; fileEncoding = 4; lastKnownFileType = sourcecode.c.h; path = ZYFactoryAdd.h; sourceTree = "<group>"; };
		1A51B7981F173031002FA2A4 /* ZYFactoryAdd.m */ = {isa = PBXFileReference; fileEncoding = 4; lastKnownFileType = sourcecode.c.objc; path = ZYFactoryAdd.m; sourceTree = "<group>"; };
		1A51B79A1F17303C002FA2A4 /* ZYFactoryMinus.h */ = {isa = PBXFileReference; fileEncoding = 4; lastKnownFileType = sourcecode.c.h; path = ZYFactoryMinus.h; sourceTree = "<group>"; };
		1A51B79B1F17303C002FA2A4 /* ZYFactoryMinus.m */ = {isa = PBXFileReference; fileEncoding = 4; lastKnownFileType = sourcecode.c.objc; path = ZYFactoryMinus.m; sourceTree = "<group>"; };
		1A51B79D1F17305F002FA2A4 /* ZYFactoryMultiply.h */ = {isa = PBXFileReference; fileEncoding = 4; lastKnownFileType = sourcecode.c.h; path = ZYFactoryMultiply.h; sourceTree = "<group>"; };
		1A51B79E1F17305F002FA2A4 /* ZYFactoryMultiply.m */ = {isa = PBXFileReference; fileEncoding = 4; lastKnownFileType = sourcecode.c.objc; path = ZYFactoryMultiply.m; sourceTree = "<group>"; };
		1A51B7A01F173070002FA2A4 /* ZYFactoryDivide.h */ = {isa = PBXFileReference; fileEncoding = 4; lastKnownFileType = sourcecode.c.h; path = ZYFactoryDivide.h; sourceTree = "<group>"; };
		1A51B7A11F173070002FA2A4 /* ZYFactoryDivide.m */ = {isa = PBXFileReference; fileEncoding = 4; lastKnownFileType = sourcecode.c.objc; path = ZYFactoryDivide.m; sourceTree = "<group>"; };
		1A51B7A31F17307B002FA2A4 /* ZYCalculate.h */ = {isa = PBXFileReference; fileEncoding = 4; lastKnownFileType = sourcecode.c.h; path = ZYCalculate.h; sourceTree = "<group>"; };
		1A51B7A61F1730A9002FA2A4 /* ZYCalculateAdd.h */ = {isa = PBXFileReference; fileEncoding = 4; lastKnownFileType = sourcecode.c.h; path = ZYCalculateAdd.h; sourceTree = "<group>"; };
		1A51B7A71F1730A9002FA2A4 /* ZYCalculateAdd.m */ = {isa = PBXFileReference; fileEncoding = 4; lastKnownFileType = sourcecode.c.objc; path = ZYCalculateAdd.m; sourceTree = "<group>"; };
		1A51B7A91F1730BE002FA2A4 /* ZYCalculateMinus.h */ = {isa = PBXFileReference; fileEncoding = 4; lastKnownFileType = sourcecode.c.h; path = ZYCalculateMinus.h; sourceTree = "<group>"; };
		1A51B7AA1F1730BE002FA2A4 /* ZYCalculateMinus.m */ = {isa = PBXFileReference; fileEncoding = 4; lastKnownFileType = sourcecode.c.objc; path = ZYCalculateMinus.m; sourceTree = "<group>"; };
		1A51B7AC1F1730D3002FA2A4 /* ZYCalculateMultiply.h */ = {isa = PBXFileReference; fileEncoding = 4; lastKnownFileType = sourcecode.c.h; path = ZYCalculateMultiply.h; sourceTree = "<group>"; };
		1A51B7AD1F1730D3002FA2A4 /* ZYCalculateMultiply.m */ = {isa = PBXFileReference; fileEncoding = 4; lastKnownFileType = sourcecode.c.objc; path = ZYCalculateMultiply.m; sourceTree = "<group>"; };
		1A51B7AF1F1730E4002FA2A4 /* ZYCalculateDivide.h */ = {isa = PBXFileReference; fileEncoding = 4; lastKnownFileType = sourcecode.c.h; path = ZYCalculateDivide.h; sourceTree = "<group>"; };
		1A51B7B01F1730E4002FA2A4 /* ZYCalculateDivide.m */ = {isa = PBXFileReference; fileEncoding = 4; lastKnownFileType = sourcecode.c.objc; path = ZYCalculateDivide.m; sourceTree = "<group>"; };
/* End PBXFileReference section */

/* Begin PBXFrameworksBuildPhase section */
		1A51B75A1F172FA0002FA2A4 /* Frameworks */ = {
			isa = PBXFrameworksBuildPhase;
			buildActionMask = 2147483647;
			files = (
			);
			runOnlyForDeploymentPostprocessing = 0;
		};
		1A51B7731F172FA0002FA2A4 /* Frameworks */ = {
			isa = PBXFrameworksBuildPhase;
			buildActionMask = 2147483647;
			files = (
			);
			runOnlyForDeploymentPostprocessing = 0;
		};
		1A51B77E1F172FA0002FA2A4 /* Frameworks */ = {
			isa = PBXFrameworksBuildPhase;
			buildActionMask = 2147483647;
			files = (
			);
			runOnlyForDeploymentPostprocessing = 0;
		};
/* End PBXFrameworksBuildPhase section */

/* Begin PBXGroup section */
		1A51B7541F172FA0002FA2A4 = {
			isa = PBXGroup;
			children = (
				1A51B75F1F172FA0002FA2A4 /* 05-工厂模式 */,
				1A51B7791F172FA0002FA2A4 /* 05-工厂模式Tests */,
				1A51B7841F172FA0002FA2A4 /* 05-工厂模式UITests */,
				1A51B75E1F172FA0002FA2A4 /* Products */,
			);
			sourceTree = "<group>";
		};
		1A51B75E1F172FA0002FA2A4 /* Products */ = {
			isa = PBXGroup;
			children = (
				1A51B75D1F172FA0002FA2A4 /* 05-工厂模式.app */,
				1A51B7761F172FA0002FA2A4 /* 05-工厂模式Tests.xctest */,
				1A51B7811F172FA0002FA2A4 /* 05-工厂模式UITests.xctest */,
			);
			name = Products;
			sourceTree = "<group>";
		};
		1A51B75F1F172FA0002FA2A4 /* 05-工厂模式 */ = {
			isa = PBXGroup;
			children = (
				1A51B7931F172FF1002FA2A4 /* FactoryCase */,
				1A51B7631F172FA0002FA2A4 /* AppDelegate.h */,
				1A51B7641F172FA0002FA2A4 /* AppDelegate.m */,
				1A51B7661F172FA0002FA2A4 /* ViewController.h */,
				1A51B7671F172FA0002FA2A4 /* ViewController.m */,
				1A51B7691F172FA0002FA2A4 /* Main.storyboard */,
				1A51B76C1F172FA0002FA2A4 /* Assets.xcassets */,
				1A51B76E1F172FA0002FA2A4 /* LaunchScreen.storyboard */,
				1A51B7711F172FA0002FA2A4 /* Info.plist */,
				1A51B7601F172FA0002FA2A4 /* Supporting Files */,
			);
			path = "05-工厂模式";
			sourceTree = "<group>";
		};
		1A51B7601F172FA0002FA2A4 /* Supporting Files */ = {
			isa = PBXGroup;
			children = (
				1A51B7611F172FA0002FA2A4 /* main.m */,
			);
			name = "Supporting Files";
			sourceTree = "<group>";
		};
		1A51B7791F172FA0002FA2A4 /* 05-工厂模式Tests */ = {
			isa = PBXGroup;
			children = (
				1A51B77A1F172FA0002FA2A4 /* _5_____Tests.m */,
				1A51B77C1F172FA0002FA2A4 /* Info.plist */,
			);
			path = "05-工厂模式Tests";
			sourceTree = "<group>";
		};
		1A51B7841F172FA0002FA2A4 /* 05-工厂模式UITests */ = {
			isa = PBXGroup;
			children = (
				1A51B7851F172FA0002FA2A4 /* _5_____UITests.m */,
				1A51B7871F172FA0002FA2A4 /* Info.plist */,
			);
			path = "05-工厂模式UITests";
			sourceTree = "<group>";
		};
		1A51B7931F172FF1002FA2A4 /* FactoryCase */ = {
			isa = PBXGroup;
			children = (
				1A51B7941F172FFF002FA2A4 /* ZYFactory.h */,
				1A51B7971F173031002FA2A4 /* ZYFactoryAdd.h */,
				1A51B7981F173031002FA2A4 /* ZYFactoryAdd.m */,
				1A51B79A1F17303C002FA2A4 /* ZYFactoryMinus.h */,
				1A51B79B1F17303C002FA2A4 /* ZYFactoryMinus.m */,
				1A51B79D1F17305F002FA2A4 /* ZYFactoryMultiply.h */,
				1A51B79E1F17305F002FA2A4 /* ZYFactoryMultiply.m */,
				1A51B7A01F173070002FA2A4 /* ZYFactoryDivide.h */,
				1A51B7A11F173070002FA2A4 /* ZYFactoryDivide.m */,
				1A51B7A31F17307B002FA2A4 /* ZYCalculate.h */,
				1A51B7A61F1730A9002FA2A4 /* ZYCalculateAdd.h */,
				1A51B7A71F1730A9002FA2A4 /* ZYCalculateAdd.m */,
				1A51B7A91F1730BE002FA2A4 /* ZYCalculateMinus.h */,
				1A51B7AA1F1730BE002FA2A4 /* ZYCalculateMinus.m */,
				1A51B7AC1F1730D3002FA2A4 /* ZYCalculateMultiply.h */,
				1A51B7AD1F1730D3002FA2A4 /* ZYCalculateMultiply.m */,
				1A51B7AF1F1730E4002FA2A4 /* ZYCalculateDivide.h */,
				1A51B7B01F1730E4002FA2A4 /* ZYCalculateDivide.m */,
			);
			path = FactoryCase;
			sourceTree = "<group>";
		};
/* End PBXGroup section */

/* Begin PBXNativeTarget section */
		1A51B75C1F172FA0002FA2A4 /* 05-工厂模式 */ = {
			isa = PBXNativeTarget;
			buildConfigurationList = 1A51B78A1F172FA0002FA2A4 /* Build configuration list for PBXNativeTarget "05-工厂模式" */;
			buildPhases = (
				1A51B7591F172FA0002FA2A4 /* Sources */,
				1A51B75A1F172FA0002FA2A4 /* Frameworks */,
				1A51B75B1F172FA0002FA2A4 /* Resources */,
			);
			buildRules = (
			);
			dependencies = (
			);
			name = "05-工厂模式";
			productName = "05-工厂模式";
			productReference = 1A51B75D1F172FA0002FA2A4 /* 05-工厂模式.app */;
			productType = "com.apple.product-type.application";
		};
		1A51B7751F172FA0002FA2A4 /* 05-工厂模式Tests */ = {
			isa = PBXNativeTarget;
			buildConfigurationList = 1A51B78D1F172FA0002FA2A4 /* Build configuration list for PBXNativeTarget "05-工厂模式Tests" */;
			buildPhases = (
				1A51B7721F172FA0002FA2A4 /* Sources */,
				1A51B7731F172FA0002FA2A4 /* Frameworks */,
				1A51B7741F172FA0002FA2A4 /* Resources */,
			);
			buildRules = (
			);
			dependencies = (
				1A51B7781F172FA0002FA2A4 /* PBXTargetDependency */,
			);
			name = "05-工厂模式Tests";
			productName = "05-工厂模式Tests";
			productReference = 1A51B7761F172FA0002FA2A4 /* 05-工厂模式Tests.xctest */;
			productType = "com.apple.product-type.bundle.unit-test";
		};
		1A51B7801F172FA0002FA2A4 /* 05-工厂模式UITests */ = {
			isa = PBXNativeTarget;
			buildConfigurationList = 1A51B7901F172FA0002FA2A4 /* Build configuration list for PBXNativeTarget "05-工厂模式UITests" */;
			buildPhases = (
				1A51B77D1F172FA0002FA2A4 /* Sources */,
				1A51B77E1F172FA0002FA2A4 /* Frameworks */,
				1A51B77F1F172FA0002FA2A4 /* Resources */,
			);
			buildRules = (
			);
			dependencies = (
				1A51B7831F172FA0002FA2A4 /* PBXTargetDependency */,
			);
			name = "05-工厂模式UITests";
			productName = "05-工厂模式UITests";
			productReference = 1A51B7811F172FA0002FA2A4 /* 05-工厂模式UITests.xctest */;
			productType = "com.apple.product-type.bundle.ui-testing";
		};
/* End PBXNativeTarget section */

/* Begin PBXProject section */
		1A51B7551F172FA0002FA2A4 /* Project object */ = {
			isa = PBXProject;
			attributes = {
				LastUpgradeCheck = 0830;
				ORGANIZATIONNAME = zy;
				TargetAttributes = {
					1A51B75C1F172FA0002FA2A4 = {
						CreatedOnToolsVersion = 8.3.3;
						DevelopmentTeam = 298VK6UU46;
						ProvisioningStyle = Automatic;
					};
					1A51B7751F172FA0002FA2A4 = {
						CreatedOnToolsVersion = 8.3.3;
						DevelopmentTeam = 3VDM45ZBNN;
						ProvisioningStyle = Automatic;
						TestTargetID = 1A51B75C1F172FA0002FA2A4;
					};
					1A51B7801F172FA0002FA2A4 = {
						CreatedOnToolsVersion = 8.3.3;
						DevelopmentTeam = 3VDM45ZBNN;
						ProvisioningStyle = Automatic;
						TestTargetID = 1A51B75C1F172FA0002FA2A4;
					};
				};
			};
			buildConfigurationList = 1A51B7581F172FA0002FA2A4 /* Build configuration list for PBXProject "05-工厂模式" */;
			compatibilityVersion = "Xcode 3.2";
			developmentRegion = English;
			hasScannedForEncodings = 0;
			knownRegions = (
				en,
				Base,
			);
			mainGroup = 1A51B7541F172FA0002FA2A4;
			productRefGroup = 1A51B75E1F172FA0002FA2A4 /* Products */;
			projectDirPath = "";
			projectRoot = "";
			targets = (
				1A51B75C1F172FA0002FA2A4 /* 05-工厂模式 */,
				1A51B7751F172FA0002FA2A4 /* 05-工厂模式Tests */,
				1A51B7801F172FA0002FA2A4 /* 05-工厂模式UITests */,
			);
		};
/* End PBXProject section */

/* Begin PBXResourcesBuildPhase section */
		1A51B75B1F172FA0002FA2A4 /* Resources */ = {
			isa = PBXResourcesBuildPhase;
			buildActionMask = 2147483647;
			files = (
				1A51B7701F172FA0002FA2A4 /* LaunchScreen.storyboard in Resources */,
				1A51B76D1F172FA0002FA2A4 /* Assets.xcassets in Resources */,
				1A51B76B1F172FA0002FA2A4 /* Main.storyboard in Resources */,
			);
			runOnlyForDeploymentPostprocessing = 0;
		};
		1A51B7741F172FA0002FA2A4 /* Resources */ = {
			isa = PBXResourcesBuildPhase;
			buildActionMask = 2147483647;
			files = (
			);
			runOnlyForDeploymentPostprocessing = 0;
		};
		1A51B77F1F172FA0002FA2A4 /* Resources */ = {
			isa = PBXResourcesBuildPhase;
			buildActionMask = 2147483647;
			files = (
			);
			runOnlyForDeploymentPostprocessing = 0;
		};
/* End PBXResourcesBuildPhase section */

/* Begin PBXSourcesBuildPhase section */
		1A51B7591F172FA0002FA2A4 /* Sources */ = {
			isa = PBXSourcesBuildPhase;
			buildActionMask = 2147483647;
			files = (
				1A51B7B11F1730E4002FA2A4 /* ZYCalculateDivide.m in Sources */,
				1A51B7681F172FA0002FA2A4 /* ViewController.m in Sources */,
				1A51B7AE1F1730D3002FA2A4 /* ZYCalculateMultiply.m in Sources */,
				1A51B7991F173031002FA2A4 /* ZYFactoryAdd.m in Sources */,
				1A51B7651F172FA0002FA2A4 /* AppDelegate.m in Sources */,
				1A51B79F1F17305F002FA2A4 /* ZYFactoryMultiply.m in Sources */,
				1A51B7621F172FA0002FA2A4 /* main.m in Sources */,
				1A51B7A81F1730A9002FA2A4 /* ZYCalculateAdd.m in Sources */,
				1A51B7A21F173070002FA2A4 /* ZYFactoryDivide.m in Sources */,
				1A51B79C1F17303C002FA2A4 /* ZYFactoryMinus.m in Sources */,
				1A51B7AB1F1730BE002FA2A4 /* ZYCalculateMinus.m in Sources */,
			);
			runOnlyForDeploymentPostprocessing = 0;
		};
		1A51B7721F172FA0002FA2A4 /* Sources */ = {
			isa = PBXSourcesBuildPhase;
			buildActionMask = 2147483647;
			files = (
				1A51B77B1F172FA0002FA2A4 /* _5_____Tests.m in Sources */,
			);
			runOnlyForDeploymentPostprocessing = 0;
		};
		1A51B77D1F172FA0002FA2A4 /* Sources */ = {
			isa = PBXSourcesBuildPhase;
			buildActionMask = 2147483647;
			files = (
				1A51B7861F172FA0002FA2A4 /* _5_____UITests.m in Sources */,
			);
			runOnlyForDeploymentPostprocessing = 0;
		};
/* End PBXSourcesBuildPhase section */

/* Begin PBXTargetDependency section */
		1A51B7781F172FA0002FA2A4 /* PBXTargetDependency */ = {
			isa = PBXTargetDependency;
			target = 1A51B75C1F172FA0002FA2A4 /* 05-工厂模式 */;
			targetProxy = 1A51B7771F172FA0002FA2A4 /* PBXContainerItemProxy */;
		};
		1A51B7831F172FA0002FA2A4 /* PBXTargetDependency */ = {
			isa = PBXTargetDependency;
			target = 1A51B75C1F172FA0002FA2A4 /* 05-工厂模式 */;
			targetProxy = 1A51B7821F172FA0002FA2A4 /* PBXContainerItemProxy */;
		};
/* End PBXTargetDependency section */

/* Begin PBXVariantGroup section */
		1A51B7691F172FA0002FA2A4 /* Main.storyboard */ = {
			isa = PBXVariantGroup;
			children = (
				1A51B76A1F172FA0002FA2A4 /* Base */,
			);
			name = Main.storyboard;
			sourceTree = "<group>";
		};
		1A51B76E1F172FA0002FA2A4 /* LaunchScreen.storyboard */ = {
			isa = PBXVariantGroup;
			children = (
				1A51B76F1F172FA0002FA2A4 /* Base */,
			);
			name = LaunchScreen.storyboard;
			sourceTree = "<group>";
		};
/* End PBXVariantGroup section */

/* Begin XCBuildConfiguration section */
		1A51B7881F172FA0002FA2A4 /* Debug */ = {
			isa = XCBuildConfiguration;
			buildSettings = {
				ALWAYS_SEARCH_USER_PATHS = NO;
				CLANG_ANALYZER_NONNULL = YES;
				CLANG_ANALYZER_NUMBER_OBJECT_CONVERSION = YES_AGGRESSIVE;
				CLANG_CXX_LANGUAGE_STANDARD = "gnu++0x";
				CLANG_CXX_LIBRARY = "libc++";
				CLANG_ENABLE_MODULES = YES;
				CLANG_ENABLE_OBJC_ARC = YES;
				CLANG_WARN_BOOL_CONVERSION = YES;
				CLANG_WARN_CONSTANT_CONVERSION = YES;
				CLANG_WARN_DIRECT_OBJC_ISA_USAGE = YES_ERROR;
				CLANG_WARN_DOCUMENTATION_COMMENTS = YES;
				CLANG_WARN_EMPTY_BODY = YES;
				CLANG_WARN_ENUM_CONVERSION = YES;
				CLANG_WARN_INFINITE_RECURSION = YES;
				CLANG_WARN_INT_CONVERSION = YES;
				CLANG_WARN_OBJC_ROOT_CLASS = YES_ERROR;
				CLANG_WARN_SUSPICIOUS_MOVE = YES;
				CLANG_WARN_UNREACHABLE_CODE = YES;
				CLANG_WARN__DUPLICATE_METHOD_MATCH = YES;
				"CODE_SIGN_IDENTITY[sdk=iphoneos*]" = "iPhone Developer";
				COPY_PHASE_STRIP = NO;
				DEBUG_INFORMATION_FORMAT = dwarf;
				ENABLE_STRICT_OBJC_MSGSEND = YES;
				ENABLE_TESTABILITY = YES;
				GCC_C_LANGUAGE_STANDARD = gnu99;
				GCC_DYNAMIC_NO_PIC = NO;
				GCC_NO_COMMON_BLOCKS = YES;
				GCC_OPTIMIZATION_LEVEL = 0;
				GCC_PREPROCESSOR_DEFINITIONS = (
					"DEBUG=1",
					"$(inherited)",
				);
				GCC_WARN_64_TO_32_BIT_CONVERSION = YES;
				GCC_WARN_ABOUT_RETURN_TYPE = YES_ERROR;
				GCC_WARN_UNDECLARED_SELECTOR = YES;
				GCC_WARN_UNINITIALIZED_AUTOS = YES_AGGRESSIVE;
				GCC_WARN_UNUSED_FUNCTION = YES;
				GCC_WARN_UNUSED_VARIABLE = YES;
				IPHONEOS_DEPLOYMENT_TARGET = 10.3;
				MTL_ENABLE_DEBUG_INFO = YES;
				ONLY_ACTIVE_ARCH = YES;
				SDKROOT = iphoneos;
				TARGETED_DEVICE_FAMILY = "1,2";
			};
			name = Debug;
		};
		1A51B7891F172FA0002FA2A4 /* Release */ = {
			isa = XCBuildConfiguration;
			buildSettings = {
				ALWAYS_SEARCH_USER_PATHS = NO;
				CLANG_ANALYZER_NONNULL = YES;
				CLANG_ANALYZER_NUMBER_OBJECT_CONVERSION = YES_AGGRESSIVE;
				CLANG_CXX_LANGUAGE_STANDARD = "gnu++0x";
				CLANG_CXX_LIBRARY = "libc++";
				CLANG_ENABLE_MODULES = YES;
				CLANG_ENABLE_OBJC_ARC = YES;
				CLANG_WARN_BOOL_CONVERSION = YES;
				CLANG_WARN_CONSTANT_CONVERSION = YES;
				CLANG_WARN_DIRECT_OBJC_ISA_USAGE = YES_ERROR;
				CLANG_WARN_DOCUMENTATION_COMMENTS = YES;
				CLANG_WARN_EMPTY_BODY = YES;
				CLANG_WARN_ENUM_CONVERSION = YES;
				CLANG_WARN_INFINITE_RECURSION = YES;
				CLANG_WARN_INT_CONVERSION = YES;
				CLANG_WARN_OBJC_ROOT_CLASS = YES_ERROR;
				CLANG_WARN_SUSPICIOUS_MOVE = YES;
				CLANG_WARN_UNREACHABLE_CODE = YES;
				CLANG_WARN__DUPLICATE_METHOD_MATCH = YES;
				"CODE_SIGN_IDENTITY[sdk=iphoneos*]" = "iPhone Developer";
				COPY_PHASE_STRIP = NO;
				DEBUG_INFORMATION_FORMAT = "dwarf-with-dsym";
				ENABLE_NS_ASSERTIONS = NO;
				ENABLE_STRICT_OBJC_MSGSEND = YES;
				GCC_C_LANGUAGE_STANDARD = gnu99;
				GCC_NO_COMMON_BLOCKS = YES;
				GCC_WARN_64_TO_32_BIT_CONVERSION = YES;
				GCC_WARN_ABOUT_RETURN_TYPE = YES_ERROR;
				GCC_WARN_UNDECLARED_SELECTOR = YES;
				GCC_WARN_UNINITIALIZED_AUTOS = YES_AGGRESSIVE;
				GCC_WARN_UNUSED_FUNCTION = YES;
				GCC_WARN_UNUSED_VARIABLE = YES;
				IPHONEOS_DEPLOYMENT_TARGET = 10.3;
				MTL_ENABLE_DEBUG_INFO = NO;
				SDKROOT = iphoneos;
				TARGETED_DEVICE_FAMILY = "1,2";
				VALIDATE_PRODUCT = YES;
			};
			name = Release;
		};
		1A51B78B1F172FA0002FA2A4 /* Debug */ = {
			isa = XCBuildConfiguration;
			buildSettings = {
				ASSETCATALOG_COMPILER_APPICON_NAME = AppIcon;
				DEVELOPMENT_TEAM = 298VK6UU46;
				INFOPLIST_FILE = "05-工厂模式/Info.plist";
				LD_RUNPATH_SEARCH_PATHS = "$(inherited) @executable_path/Frameworks";
				PRODUCT_BUNDLE_IDENTIFIER = "ohhh.-5-----";
				PRODUCT_NAME = "$(TARGET_NAME)";
			};
			name = Debug;
		};
		1A51B78C1F172FA0002FA2A4 /* Release */ = {
			isa = XCBuildConfiguration;
			buildSettings = {
				ASSETCATALOG_COMPILER_APPICON_NAME = AppIcon;
				DEVELOPMENT_TEAM = 298VK6UU46;
				INFOPLIST_FILE = "05-工厂模式/Info.plist";
				LD_RUNPATH_SEARCH_PATHS = "$(inherited) @executable_path/Frameworks";
				PRODUCT_BUNDLE_IDENTIFIER = "ohhh.-5-----";
				PRODUCT_NAME = "$(TARGET_NAME)";
			};
			name = Release;
		};
		1A51B78E1F172FA0002FA2A4 /* Debug */ = {
			isa = XCBuildConfiguration;
			buildSettings = {
				BUNDLE_LOADER = "$(TEST_HOST)";
				DEVELOPMENT_TEAM = 3VDM45ZBNN;
				INFOPLIST_FILE = "05-工厂模式Tests/Info.plist";
				LD_RUNPATH_SEARCH_PATHS = "$(inherited) @executable_path/Frameworks @loader_path/Frameworks";
				PRODUCT_BUNDLE_IDENTIFIER = "ohhh.-5-----Tests";
				PRODUCT_NAME = "$(TARGET_NAME)";
				TEST_HOST = "$(BUILT_PRODUCTS_DIR)/05-工厂模式.app/05-工厂模式";
			};
			name = Debug;
		};
		1A51B78F1F172FA0002FA2A4 /* Release */ = {
			isa = XCBuildConfiguration;
			buildSettings = {
				BUNDLE_LOADER = "$(TEST_HOST)";
				DEVELOPMENT_TEAM = 3VDM45ZBNN;
				INFOPLIST_FILE = "05-工厂模式Tests/Info.plist";
				LD_RUNPATH_SEARCH_PATHS = "$(inherited) @executable_path/Frameworks @loader_path/Frameworks";
				PRODUCT_BUNDLE_IDENTIFIER = "ohhh.-5-----Tests";
				PRODUCT_NAME = "$(TARGET_NAME)";
				TEST_HOST = "$(BUILT_PRODUCTS_DIR)/05-工厂模式.app/05-工厂模式";
			};
			name = Release;
		};
		1A51B7911F172FA0002FA2A4 /* Debug */ = {
			isa = XCBuildConfiguration;
			buildSettings = {
				DEVELOPMENT_TEAM = 3VDM45ZBNN;
				INFOPLIST_FILE = "05-工厂模式UITests/Info.plist";
				LD_RUNPATH_SEARCH_PATHS = "$(inherited) @executable_path/Frameworks @loader_path/Frameworks";
				PRODUCT_BUNDLE_IDENTIFIER = "ohhh.-5-----UITests";
				PRODUCT_NAME = "$(TARGET_NAME)";
				TEST_TARGET_NAME = "05-工厂模式";
			};
			name = Debug;
		};
		1A51B7921F172FA0002FA2A4 /* Release */ = {
			isa = XCBuildConfiguration;
			buildSettings = {
				DEVELOPMENT_TEAM = 3VDM45ZBNN;
				INFOPLIST_FILE = "05-工厂模式UITests/Info.plist";
				LD_RUNPATH_SEARCH_PATHS = "$(inherited) @executable_path/Frameworks @loader_path/Frameworks";
				PRODUCT_BUNDLE_IDENTIFIER = "ohhh.-5-----UITests";
				PRODUCT_NAME = "$(TARGET_NAME)";
				TEST_TARGET_NAME = "05-工厂模式";
			};
			name = Release;
		};
/* End XCBuildConfiguration section */

/* Begin XCConfigurationList section */
		1A51B7581F172FA0002FA2A4 /* Build configuration list for PBXProject "05-工厂模式" */ = {
			isa = XCConfigurationList;
			buildConfigurations = (
				1A51B7881F172FA0002FA2A4 /* Debug */,
				1A51B7891F172FA0002FA2A4 /* Release */,
			);
			defaultConfigurationIsVisible = 0;
			defaultConfigurationName = Release;
		};
		1A51B78A1F172FA0002FA2A4 /* Build configuration list for PBXNativeTarget "05-工厂模式" */ = {
			isa = XCConfigurationList;
			buildConfigurations = (
				1A51B78B1F172FA0002FA2A4 /* Debug */,
				1A51B78C1F172FA0002FA2A4 /* Release */,
			);
			defaultConfigurationIsVisible = 0;
		};
		1A51B78D1F172FA0002FA2A4 /* Build configuration list for PBXNativeTarget "05-工厂模式Tests" */ = {
			isa = XCConfigurationList;
			buildConfigurations = (
				1A51B78E1F172FA0002FA2A4 /* Debug */,
				1A51B78F1F172FA0002FA2A4 /* Release */,
			);
			defaultConfigurationIsVisible = 0;
		};
		1A51B7901F172FA0002FA2A4 /* Build configuration list for PBXNativeTarget "05-工厂模式UITests" */ = {
			isa = XCConfigurationList;
			buildConfigurations = (
				1A51B7911F172FA0002FA2A4 /* Debug */,
				1A51B7921F172FA0002FA2A4 /* Release */,
			);
			defaultConfigurationIsVisible = 0;
		};
/* End XCConfigurationList section */
	};
	rootObject = 1A51B7551F172FA0002FA2A4 /* Project object */;
}
